
Microsoft Visual Studio Solution File, Format Version 12.00
# Visual Studio 2013
VisualStudioVersion = 12.0.21005.1
MinimumVisualStudioVersion = 10.0.40219.1
Project("{E24C65DC-7377-472B-9ABA-BC803B73C61A}") = "GRF Monitoring Website", "GRF Monitoring Website\", "{001226DD-09AC-48AA-97B0-DE0D6F782445}"
	ProjectSection(WebsiteProperties) = preProject
		SccProjectName = "Svn"
		SccAuxPath = "Svn"
		SccLocalPath = "Svn"
		SccProvider = "SubversionScc"
		TargetFrameworkMoniker = ".NETFramework,Version%3Dv4.0"
		Debug.AspNetCompiler.VirtualPath = "/GRF Monitoring Website"
		Debug.AspNetCompiler.PhysicalPath = "GRF Monitoring Website\"
		Debug.AspNetCompiler.TargetPath = "PrecompiledWeb\GRF Monitoring Website\"
		Debug.AspNetCompiler.Updateable = "true"
		Debug.AspNetCompiler.ForceOverwrite = "true"
		Debug.AspNetCompiler.FixedNames = "true"
		Debug.AspNetCompiler.Debug = "True"
		Release.AspNetCompiler.VirtualPath = "/GRF Monitoring Website"
		Release.AspNetCompiler.PhysicalPath = "GRF Monitoring Website\"
		Release.AspNetCompiler.TargetPath = "PrecompiledWeb\GRF Monitoring Website\"
		Release.AspNetCompiler.Updateable = "true"
		Release.AspNetCompiler.ForceOverwrite = "true"
		Release.AspNetCompiler.FixedNames = "true"
		Release.AspNetCompiler.Debug = "False"
		VWDPort = "62168"
		SlnRelativePath = "GRF Monitoring Website\"
	EndProjectSection
	ProjectSection(SvnOrigin) = preProject
		@Keys = Enlist,Svn.Uri
		Enlist = Required
		Svn.Uri = GRF%20Monitoring%20Website/
	EndProjectSection
EndProject
Project("{2150E333-8FDC-42A3-9474-1A3956D46DE8}") = "Solution Items", "Solution Items", "{C83E1BE4-583C-40FC-8E83-28674B8F75A2}"
	ProjectSection(SolutionItems) = preProject
		SQL Update Scripts\Add SiteHide Field.sql = SQL Update Scripts\Add SiteHide Field.sql
		SQL Update Scripts\Add_LatLng_Cols.sql = SQL Update Scripts\Add_LatLng_Cols.sql
		SQL Update Scripts\Apply LatLngs.sql = SQL Update Scripts\Apply LatLngs.sql
		SQL Update Scripts\Primary Key Updates.sql = SQL Update Scripts\Primary Key Updates.sql
	EndProjectSection
EndProject
Global
	GlobalSection(SubversionScc) = preSolution
		Svn-Managed = True
		Manager = AnkhSVN - Subversion Support for Visual Studio
	EndGlobalSection
	GlobalSection(SolutionConfigurationPlatforms) = preSolution
		Debug|Any CPU = Debug|Any CPU
		Debug|Mixed Platforms = Debug|Mixed Platforms
		Debug|x86 = Debug|x86
		Release|Any CPU = Release|Any CPU
		Release|Mixed Platforms = Release|Mixed Platforms
		Release|x86 = Release|x86
	EndGlobalSection
	GlobalSection(ProjectConfigurationPlatforms) = postSolution
		{001226DD-09AC-48AA-97B0-DE0D6F782445}.Debug|Any CPU.ActiveCfg = Debug|Any CPU
		{001226DD-09AC-48AA-97B0-DE0D6F782445}.Debug|Any CPU.Build.0 = Debug|Any CPU
		{001226DD-09AC-48AA-97B0-DE0D6F782445}.Debug|Mixed Platforms.ActiveCfg = Debug|Any CPU
		{001226DD-09AC-48AA-97B0-DE0D6F782445}.Debug|Mixed Platforms.Build.0 = Debug|Any CPU
		{001226DD-09AC-48AA-97B0-DE0D6F782445}.Debug|x86.ActiveCfg = Debug|Any CPU
		{001226DD-09AC-48AA-97B0-DE0D6F782445}.Debug|x86.Build.0 = Debug|Any CPU
		{001226DD-09AC-48AA-97B0-DE0D6F782445}.Release|Any CPU.ActiveCfg = Debug|Any CPU
		{001226DD-09AC-48AA-97B0-DE0D6F782445}.Release|Any CPU.Build.0 = Debug|Any CPU
		{001226DD-09AC-48AA-97B0-DE0D6F782445}.Release|Mixed Platforms.ActiveCfg = Debug|Any CPU
		{001226DD-09AC-48AA-97B0-DE0D6F782445}.Release|Mixed Platforms.Build.0 = Debug|Any CPU
		{001226DD-09AC-48AA-97B0-DE0D6F782445}.Release|x86.ActiveCfg = Debug|Any CPU
		{001226DD-09AC-48AA-97B0-DE0D6F782445}.Release|x86.Build.0 = Debug|Any CPU
	EndGlobalSection
	GlobalSection(SolutionProperties) = preSolution
		HideSolutionNode = FALSE
	EndGlobalSection
EndGlobal
